
Microsoft Visual Studio Solution File, Format Version 12.00
# Visual Studio Version 16
VisualStudioVersion = 16.0.28922.388
MinimumVisualStudioVersion = 10.0.40219.1
Project("{FAE04EC0-301F-11D3-BF4B-00C04F79EFBC}") = "ClientChapterv2-Michael", "ClientChapterv2-Michael\ClientChapterv2-Michael.csproj", "{CEFE5442-B177-4F42-B485-61B6A3D78259}"
EndProject
Global
	GlobalSection(SolutionConfigurationPlatforms) = preSolution
		Debug|Any CPU = Debug|Any CPU
		Release|Any CPU = Release|Any CPU
	EndGlobalSection
	GlobalSection(ProjectConfigurationPlatforms) = postSolution
		{CEFE5442-B177-4F42-B485-61B6A3D78259}.Debug|Any CPU.ActiveCfg = Debug|Any CPU
		{CEFE5442-B177-4F42-B485-61B6A3D78259}.Debug|Any CPU.Build.0 = Debug|Any CPU
		{CEFE5442-B177-4F42-B485-61B6A3D78259}.Release|Any CPU.ActiveCfg = Release|Any CPU
		{CEFE5442-B177-4F42-B485-61B6A3D78259}.Release|Any CPU.Build.0 = Release|Any CPU
	EndGlobalSection
	GlobalSection(SolutionProperties) = preSolution
		HideSolutionNode = FALSE
	EndGlobalSection
	GlobalSection(ExtensibilityGlobals) = postSolution
		SolutionGuid = {2DD1BCBD-C6A9-4249-9A14-2155811C3A44}
	EndGlobalSection
EndGlobal
